
Microsoft Visual Studio Solution File, Format Version 12.00
# Visual Studio Version 17
VisualStudioVersion = 17.3.32819.101
MinimumVisualStudioVersion = 10.0.40219.1
Project("{9A19103F-16F7-4668-BE54-9A1E7A4F7556}") = "WeebApp", "WeebApp\WeebApp.csproj", "{B2DDCE47-D36A-4E80-80B9-1C88E4BBB5CD}"
EndProject
Global
	GlobalSection(SolutionConfigurationPlatforms) = preSolution
		Debug|Any CPU = Debug|Any CPU
		Release|Any CPU = Release|Any CPU
	EndGlobalSection
	GlobalSection(ProjectConfigurationPlatforms) = postSolution
		{B2DDCE47-D36A-4E80-80B9-1C88E4BBB5CD}.Debug|Any CPU.ActiveCfg = Debug|Any CPU
		{B2DDCE47-D36A-4E80-80B9-1C88E4BBB5CD}.Debug|Any CPU.Build.0 = Debug|Any CPU
		{B2DDCE47-D36A-4E80-80B9-1C88E4BBB5CD}.Release|Any CPU.ActiveCfg = Release|Any CPU
		{B2DDCE47-D36A-4E80-80B9-1C88E4BBB5CD}.Release|Any CPU.Build.0 = Release|Any CPU
	EndGlobalSection
	GlobalSection(SolutionProperties) = preSolution
		HideSolutionNode = FALSE
	EndGlobalSection
	GlobalSection(ExtensibilityGlobals) = postSolution
		SolutionGuid = {82BC9804-CEA3-40D6-A6CC-4E6E5B3E163F}
	EndGlobalSection
EndGlobal
